
Microsoft Visual Studio Solution File, Format Version 12.00
# Visual Studio Version 17
VisualStudioVersion = 17.9.34723.18
MinimumVisualStudioVersion = 10.0.40219.1
Project("{9A19103F-16F7-4668-BE54-9A1E7A4F7556}") = "MaxSudoku", "MaxSudoku.csproj", "{6BA83E9C-FBB4-4544-87EF-B2606E9812C5}"
EndProject
Project("{FAE04EC0-301F-11D3-BF4B-00C04F79EFBC}") = "MaxSudokuTests", "..\MaxSudokuTests\MaxSudokuTests.csproj", "{B2C13DBC-2A40-4403-9A58-DCA6198E44C4}"
EndProject
Global
	GlobalSection(SolutionConfigurationPlatforms) = preSolution
		Debug|Any CPU = Debug|Any CPU
		Release|Any CPU = Release|Any CPU
	EndGlobalSection
	GlobalSection(ProjectConfigurationPlatforms) = postSolution
		{6BA83E9C-FBB4-4544-87EF-B2606E9812C5}.Debug|Any CPU.ActiveCfg = Debug|Any CPU
		{6BA83E9C-FBB4-4544-87EF-B2606E9812C5}.Debug|Any CPU.Build.0 = Debug|Any CPU
		{6BA83E9C-FBB4-4544-87EF-B2606E9812C5}.Release|Any CPU.ActiveCfg = Release|Any CPU
		{6BA83E9C-FBB4-4544-87EF-B2606E9812C5}.Release|Any CPU.Build.0 = Release|Any CPU
		{B2C13DBC-2A40-4403-9A58-DCA6198E44C4}.Debug|Any CPU.ActiveCfg = Debug|Any CPU
		{B2C13DBC-2A40-4403-9A58-DCA6198E44C4}.Debug|Any CPU.Build.0 = Debug|Any CPU
		{B2C13DBC-2A40-4403-9A58-DCA6198E44C4}.Release|Any CPU.ActiveCfg = Release|Any CPU
		{B2C13DBC-2A40-4403-9A58-DCA6198E44C4}.Release|Any CPU.Build.0 = Release|Any CPU
	EndGlobalSection
	GlobalSection(SolutionProperties) = preSolution
		HideSolutionNode = FALSE
	EndGlobalSection
	GlobalSection(ExtensibilityGlobals) = postSolution
		SolutionGuid = {CBBE14D5-CC2C-4010-A162-4C3236C46BEB}
	EndGlobalSection
EndGlobal
